
Microsoft Visual Studio Solution File, Format Version 12.00
# Visual Studio Version 17
VisualStudioVersion = 17.5.33516.290
MinimumVisualStudioVersion = 10.0.40219.1
Project("{FAE04EC0-301F-11D3-BF4B-00C04F79EFBC}") = "TEXOit.Challenge.MovieAPI", "TEXOit.Challenge.MovieAPI\TEXOit.Challenge.MovieAPI.csproj", "{B55792EC-06CE-4391-90A3-AAC217486043}"
EndProject
Project("{2150E333-8FDC-42A3-9474-1A3956D46DE8}") = "Services", "Services", "{5F31F709-32E7-4604-ADB1-D73CE9D19CD5}"
EndProject
Project("{FAE04EC0-301F-11D3-BF4B-00C04F79EFBC}") = "TEXOit.CsvServices", "CsvService\TEXOit.CsvServices.csproj", "{1C800E2C-C805-4F15-AB92-B9E7F4473A05}"
EndProject
Project("{2150E333-8FDC-42A3-9474-1A3956D46DE8}") = "Core", "Core", "{26688C74-5155-45EA-98AB-47D6B792B8AA}"
EndProject
Project("{FAE04EC0-301F-11D3-BF4B-00C04F79EFBC}") = "TEXOit.Core", "Core\TEXOit.Core.csproj", "{CC683B12-79AB-4836-BF0B-FB2C68D8149D}"
EndProject
Global
	GlobalSection(SolutionConfigurationPlatforms) = preSolution
		Debug|Any CPU = Debug|Any CPU
		Release|Any CPU = Release|Any CPU
	EndGlobalSection
	GlobalSection(ProjectConfigurationPlatforms) = postSolution
		{B55792EC-06CE-4391-90A3-AAC217486043}.Debug|Any CPU.ActiveCfg = Debug|Any CPU
		{B55792EC-06CE-4391-90A3-AAC217486043}.Debug|Any CPU.Build.0 = Debug|Any CPU
		{B55792EC-06CE-4391-90A3-AAC217486043}.Release|Any CPU.ActiveCfg = Release|Any CPU
		{B55792EC-06CE-4391-90A3-AAC217486043}.Release|Any CPU.Build.0 = Release|Any CPU
		{1C800E2C-C805-4F15-AB92-B9E7F4473A05}.Debug|Any CPU.ActiveCfg = Debug|Any CPU
		{1C800E2C-C805-4F15-AB92-B9E7F4473A05}.Debug|Any CPU.Build.0 = Debug|Any CPU
		{1C800E2C-C805-4F15-AB92-B9E7F4473A05}.Release|Any CPU.ActiveCfg = Release|Any CPU
		{1C800E2C-C805-4F15-AB92-B9E7F4473A05}.Release|Any CPU.Build.0 = Release|Any CPU
		{CC683B12-79AB-4836-BF0B-FB2C68D8149D}.Debug|Any CPU.ActiveCfg = Debug|Any CPU
		{CC683B12-79AB-4836-BF0B-FB2C68D8149D}.Debug|Any CPU.Build.0 = Debug|Any CPU
		{CC683B12-79AB-4836-BF0B-FB2C68D8149D}.Release|Any CPU.ActiveCfg = Release|Any CPU
		{CC683B12-79AB-4836-BF0B-FB2C68D8149D}.Release|Any CPU.Build.0 = Release|Any CPU
	EndGlobalSection
	GlobalSection(SolutionProperties) = preSolution
		HideSolutionNode = FALSE
	EndGlobalSection
	GlobalSection(NestedProjects) = preSolution
		{1C800E2C-C805-4F15-AB92-B9E7F4473A05} = {5F31F709-32E7-4604-ADB1-D73CE9D19CD5}
		{CC683B12-79AB-4836-BF0B-FB2C68D8149D} = {26688C74-5155-45EA-98AB-47D6B792B8AA}
	EndGlobalSection
	GlobalSection(ExtensibilityGlobals) = postSolution
		SolutionGuid = {26B677EF-8623-433A-ABDC-041757E7BA6E}
	EndGlobalSection
EndGlobal
